
Microsoft Visual Studio Solution File, Format Version 12.00
# Visual Studio 2013
VisualStudioVersion = 12.0.21005.1
MinimumVisualStudioVersion = 10.0.40219.1
Project("{FAE04EC0-301F-11D3-BF4B-00C04F79EFBC}") = "Lunch", "Lunch\Lunch.csproj", "{9F699750-A7DF-44F1-A43E-1DA92CDB8D10}"
EndProject
Project("{2150E333-8FDC-42A3-9474-1A3956D46DE8}") = ".nuget", ".nuget", "{B4BE259C-3B61-464C-B7F7-0F6972217EB8}"
	ProjectSection(SolutionItems) = preProject
		.nuget\NuGet.Config = .nuget\NuGet.Config
		.nuget\NuGet.exe = .nuget\NuGet.exe
		.nuget\NuGet.targets = .nuget\NuGet.targets
	EndProjectSection
EndProject
Project("{FAE04EC0-301F-11D3-BF4B-00C04F79EFBC}") = "Lunch.Tests", "Lunch.Tests\Lunch.Tests.csproj", "{F1685E47-1884-4D75-8C77-8A0FDFFB2F84}"
EndProject
Global
	GlobalSection(TeamFoundationVersionControl) = preSolution
		SccNumberOfProjects = 3
		SccEnterpriseProvider = {4CA58AB2-18FA-4F8D-95D4-32DDF27D184C}
		SccTeamFoundationServer = http://development.coreop.net:8080/tfs/defaultcollection
		SccLocalPath0 = .
		SccProjectUniqueName1 = Lunch\\Lunch.csproj
		SccProjectName1 = Lunch
		SccLocalPath1 = Lunch
		SccProjectUniqueName2 = Lunch.Tests\\Lunch.Tests.csproj
		SccProjectName2 = Lunch.Tests
		SccLocalPath2 = Lunch.Tests
	EndGlobalSection
	GlobalSection(SolutionConfigurationPlatforms) = preSolution
		Debug|Any CPU = Debug|Any CPU
		Release|Any CPU = Release|Any CPU
	EndGlobalSection
	GlobalSection(ProjectConfigurationPlatforms) = postSolution
		{9F699750-A7DF-44F1-A43E-1DA92CDB8D10}.Debug|Any CPU.ActiveCfg = Debug|Any CPU
		{9F699750-A7DF-44F1-A43E-1DA92CDB8D10}.Debug|Any CPU.Build.0 = Debug|Any CPU
		{9F699750-A7DF-44F1-A43E-1DA92CDB8D10}.Release|Any CPU.ActiveCfg = Release|Any CPU
		{9F699750-A7DF-44F1-A43E-1DA92CDB8D10}.Release|Any CPU.Build.0 = Release|Any CPU
		{F1685E47-1884-4D75-8C77-8A0FDFFB2F84}.Debug|Any CPU.ActiveCfg = Debug|Any CPU
		{F1685E47-1884-4D75-8C77-8A0FDFFB2F84}.Debug|Any CPU.Build.0 = Debug|Any CPU
		{F1685E47-1884-4D75-8C77-8A0FDFFB2F84}.Release|Any CPU.ActiveCfg = Release|Any CPU
		{F1685E47-1884-4D75-8C77-8A0FDFFB2F84}.Release|Any CPU.Build.0 = Release|Any CPU
	EndGlobalSection
	GlobalSection(SolutionProperties) = preSolution
		HideSolutionNode = FALSE
	EndGlobalSection
EndGlobal
